
Microsoft Visual Studio Solution File, Format Version 12.00
# Visual Studio Version 17
VisualStudioVersion = 17.2.32602.215
MinimumVisualStudioVersion = 10.0.40219.1
Project("{FAE04EC0-301F-11D3-BF4B-00C04F79EFBC}") = "EMS", "EMS\EMS.csproj", "{0DF931F6-1F16-4982-8385-24F33962732A}"
EndProject
Global
	GlobalSection(SolutionConfigurationPlatforms) = preSolution
		Debug|Any CPU = Debug|Any CPU
		Release|Any CPU = Release|Any CPU
	EndGlobalSection
	GlobalSection(ProjectConfigurationPlatforms) = postSolution
		{0DF931F6-1F16-4982-8385-24F33962732A}.Debug|Any CPU.ActiveCfg = Debug|Any CPU
		{0DF931F6-1F16-4982-8385-24F33962732A}.Debug|Any CPU.Build.0 = Debug|Any CPU
		{0DF931F6-1F16-4982-8385-24F33962732A}.Release|Any CPU.ActiveCfg = Release|Any CPU
		{0DF931F6-1F16-4982-8385-24F33962732A}.Release|Any CPU.Build.0 = Release|Any CPU
	EndGlobalSection
	GlobalSection(SolutionProperties) = preSolution
		HideSolutionNode = FALSE
	EndGlobalSection
	GlobalSection(ExtensibilityGlobals) = postSolution
		SolutionGuid = {373CA165-1A64-43F0-AD82-84DC0D508236}
	EndGlobalSection
EndGlobal
